// !$*UTF8*$!
{
	archiveVersion = 1;
	classes = {
	};
	objectVersion = 55;
	objects = {

/* Begin PBXBuildFile section */
		6A6B7FE828C69BC1005B309C /* Color+Fingerprint.swift in Sources */ = {isa = PBXBuildFile; fileRef = 6A6B7FE728C69BC1005B309C /* Color+Fingerprint.swift */; };
		6A6B7FEA28C79A11005B309C /* UnformattedStringTextField.swift in Sources */ = {isa = PBXBuildFile; fileRef = 6A6B7FE928C79A11005B309C /* UnformattedStringTextField.swift */; };
		6A6B7FEC28C7A017005B309C /* Strings.swift in Sources */ = {isa = PBXBuildFile; fileRef = 6A6B7FEB28C7A017005B309C /* Strings.swift */; };
		6A6B7FEF28C7A745005B309C /* TagEditorView.swift in Sources */ = {isa = PBXBuildFile; fileRef = 6A6B7FEE28C7A745005B309C /* TagEditorView.swift */; };
		6A6B7FF128C8BD22005B309C /* TagEditorCardView.swift in Sources */ = {isa = PBXBuildFile; fileRef = 6A6B7FF028C8BD22005B309C /* TagEditorCardView.swift */; };
		6A6B7FF328C8D45D005B309C /* TagRow.swift in Sources */ = {isa = PBXBuildFile; fileRef = 6A6B7FF228C8D45D005B309C /* TagRow.swift */; };
		6A6B7FF528C90EF0005B309C /* PrivacyPolicyView.swift in Sources */ = {isa = PBXBuildFile; fileRef = 6A6B7FF428C90EF0005B309C /* PrivacyPolicyView.swift */; };
		6A81D7E5287C88D9001C5E95 /* DemoSPMApp.swift in Sources */ = {isa = PBXBuildFile; fileRef = 6A81D7E4287C88D9001C5E95 /* DemoSPMApp.swift */; };
		6A81D7E7287C88D9001C5E95 /* LibraryConfigurationView.swift in Sources */ = {isa = PBXBuildFile; fileRef = 6A81D7E6287C88D9001C5E95 /* LibraryConfigurationView.swift */; };
		6A81D7E9287C88DA001C5E95 /* Assets.xcassets in Resources */ = {isa = PBXBuildFile; fileRef = 6A81D7E8287C88DA001C5E95 /* Assets.xcassets */; };
		6A81D7EC287C88DA001C5E95 /* Preview Assets.xcassets in Resources */ = {isa = PBXBuildFile; fileRef = 6A81D7EB287C88DA001C5E95 /* Preview Assets.xcassets */; };
		6A81D7F9287DADB5001C5E95 /* RegionPickerView.swift in Sources */ = {isa = PBXBuildFile; fileRef = 6A81D7F8287DADB5001C5E95 /* RegionPickerView.swift */; };
		6A81D7FB287F7F84001C5E95 /* ResponseDetailView.swift in Sources */ = {isa = PBXBuildFile; fileRef = 6A81D7FA287F7F84001C5E95 /* ResponseDetailView.swift */; };
		6A81D7FD287F7FC3001C5E95 /* IPLocationView.swift in Sources */ = {isa = PBXBuildFile; fileRef = 6A81D7FC287F7FC3001C5E95 /* IPLocationView.swift */; };
		6A81D8002880C7BC001C5E95 /* LibraryConfigurationViewModel.swift in Sources */ = {isa = PBXBuildFile; fileRef = 6A81D7FF2880C7BC001C5E95 /* LibraryConfigurationViewModel.swift */; };
		6A81D803288441DC001C5E95 /* FingerprintViewModel.swift in Sources */ = {isa = PBXBuildFile; fileRef = 6A81D802288441DC001C5E95 /* FingerprintViewModel.swift */; };
		6A81D805288463A1001C5E95 /* RegionPickerViewModel.swift in Sources */ = {isa = PBXBuildFile; fileRef = 6A81D804288463A1001C5E95 /* RegionPickerViewModel.swift */; };
		6A81D80728854A0E001C5E95 /* FormField.swift in Sources */ = {isa = PBXBuildFile; fileRef = 6A81D80628854A0E001C5E95 /* FormField.swift */; };
		6A81D8092886955A001C5E95 /* ResponseItemsView.swift in Sources */ = {isa = PBXBuildFile; fileRef = 6A81D8082886955A001C5E95 /* ResponseItemsView.swift */; };
		6A8CB90128D0DF82007E0E98 /* POLICY.html in Resources */ = {isa = PBXBuildFile; fileRef = 6A8CB90028D0DBD4007E0E98 /* POLICY.html */; };
		6AE7E70B28CA5A35003FE00B /* Launch Screen.storyboard in Resources */ = {isa = PBXBuildFile; fileRef = 6AE7E70A28CA5A35003FE00B /* Launch Screen.storyboard */; };
		6AEB867A28BF3D27001ECA04 /* SendRequestView.swift in Sources */ = {isa = PBXBuildFile; fileRef = 6AEB867928BF3D27001ECA04 /* SendRequestView.swift */; };
		6AEB867D28BFAE26001ECA04 /* FingerprintPro in Frameworks */ = {isa = PBXBuildFile; productRef = 6AEB867C28BFAE26001ECA04 /* FingerprintPro */; };
		6AEB867F28C0D9E0001ECA04 /* MetadataViewModel.swift in Sources */ = {isa = PBXBuildFile; fileRef = 6AEB867E28C0D9E0001ECA04 /* MetadataViewModel.swift */; };
		6AEB868128C0DDBA001ECA04 /* MetadataView.swift in Sources */ = {isa = PBXBuildFile; fileRef = 6AEB868028C0DDBA001ECA04 /* MetadataView.swift */; };
/* End PBXBuildFile section */

/* Begin PBXCopyFilesBuildPhase section */
		6AEB867328B7BE95001ECA04 /* Embed Frameworks */ = {
			isa = PBXCopyFilesBuildPhase;
			buildActionMask = 2147483647;
			dstPath = "";
			dstSubfolderSpec = 10;
			files = (
			);
			name = "Embed Frameworks";
			runOnlyForDeploymentPostprocessing = 0;
		};
/* End PBXCopyFilesBuildPhase section */

/* Begin PBXFileReference section */
		6A6B7FE728C69BC1005B309C /* Color+Fingerprint.swift */ = {isa = PBXFileReference; lastKnownFileType = sourcecode.swift; path = "Color+Fingerprint.swift"; sourceTree = "<group>"; };
		6A6B7FE928C79A11005B309C /* UnformattedStringTextField.swift */ = {isa = PBXFileReference; lastKnownFileType = sourcecode.swift; path = UnformattedStringTextField.swift; sourceTree = "<group>"; };
		6A6B7FEB28C7A017005B309C /* Strings.swift */ = {isa = PBXFileReference; lastKnownFileType = sourcecode.swift; path = Strings.swift; sourceTree = "<group>"; };
		6A6B7FEE28C7A745005B309C /* TagEditorView.swift */ = {isa = PBXFileReference; lastKnownFileType = sourcecode.swift; path = TagEditorView.swift; sourceTree = "<group>"; };
		6A6B7FF028C8BD22005B309C /* TagEditorCardView.swift */ = {isa = PBXFileReference; lastKnownFileType = sourcecode.swift; path = TagEditorCardView.swift; sourceTree = "<group>"; };
		6A6B7FF228C8D45D005B309C /* TagRow.swift */ = {isa = PBXFileReference; lastKnownFileType = sourcecode.swift; path = TagRow.swift; sourceTree = "<group>"; };
		6A6B7FF428C90EF0005B309C /* PrivacyPolicyView.swift */ = {isa = PBXFileReference; lastKnownFileType = sourcecode.swift; path = PrivacyPolicyView.swift; sourceTree = "<group>"; };
		6A81D7E1287C88D9001C5E95 /* Fingerprint Pro.app */ = {isa = PBXFileReference; explicitFileType = wrapper.application; includeInIndex = 0; path = "Fingerprint Pro.app"; sourceTree = BUILT_PRODUCTS_DIR; };
		6A81D7E4287C88D9001C5E95 /* DemoSPMApp.swift */ = {isa = PBXFileReference; lastKnownFileType = sourcecode.swift; path = DemoSPMApp.swift; sourceTree = "<group>"; };
		6A81D7E6287C88D9001C5E95 /* LibraryConfigurationView.swift */ = {isa = PBXFileReference; lastKnownFileType = sourcecode.swift; path = LibraryConfigurationView.swift; sourceTree = "<group>"; };
		6A81D7E8287C88DA001C5E95 /* Assets.xcassets */ = {isa = PBXFileReference; lastKnownFileType = folder.assetcatalog; path = Assets.xcassets; sourceTree = "<group>"; };
		6A81D7EB287C88DA001C5E95 /* Preview Assets.xcassets */ = {isa = PBXFileReference; lastKnownFileType = folder.assetcatalog; path = "Preview Assets.xcassets"; sourceTree = "<group>"; };
		6A81D7F8287DADB5001C5E95 /* RegionPickerView.swift */ = {isa = PBXFileReference; lastKnownFileType = sourcecode.swift; path = RegionPickerView.swift; sourceTree = "<group>"; };
		6A81D7FA287F7F84001C5E95 /* ResponseDetailView.swift */ = {isa = PBXFileReference; lastKnownFileType = sourcecode.swift; path = ResponseDetailView.swift; sourceTree = "<group>"; };
		6A81D7FC287F7FC3001C5E95 /* IPLocationView.swift */ = {isa = PBXFileReference; lastKnownFileType = sourcecode.swift; path = IPLocationView.swift; sourceTree = "<group>"; };
		6A81D7FF2880C7BC001C5E95 /* LibraryConfigurationViewModel.swift */ = {isa = PBXFileReference; lastKnownFileType = sourcecode.swift; path = LibraryConfigurationViewModel.swift; sourceTree = "<group>"; };
		6A81D802288441DC001C5E95 /* FingerprintViewModel.swift */ = {isa = PBXFileReference; lastKnownFileType = sourcecode.swift; path = FingerprintViewModel.swift; sourceTree = "<group>"; };
		6A81D804288463A1001C5E95 /* RegionPickerViewModel.swift */ = {isa = PBXFileReference; lastKnownFileType = sourcecode.swift; path = RegionPickerViewModel.swift; sourceTree = "<group>"; };
		6A81D80628854A0E001C5E95 /* FormField.swift */ = {isa = PBXFileReference; lastKnownFileType = sourcecode.swift; path = FormField.swift; sourceTree = "<group>"; };
		6A81D8082886955A001C5E95 /* ResponseItemsView.swift */ = {isa = PBXFileReference; lastKnownFileType = sourcecode.swift; path = ResponseItemsView.swift; sourceTree = "<group>"; };
		6A8CB90028D0DBD4007E0E98 /* POLICY.html */ = {isa = PBXFileReference; lastKnownFileType = text.html; path = POLICY.html; sourceTree = "<group>"; };
		6AE7E70A28CA5A35003FE00B /* Launch Screen.storyboard */ = {isa = PBXFileReference; lastKnownFileType = file.storyboard; path = "Launch Screen.storyboard"; sourceTree = "<group>"; };
		6AEB867928BF3D27001ECA04 /* SendRequestView.swift */ = {isa = PBXFileReference; lastKnownFileType = sourcecode.swift; path = SendRequestView.swift; sourceTree = "<group>"; };
		6AEB867E28C0D9E0001ECA04 /* MetadataViewModel.swift */ = {isa = PBXFileReference; lastKnownFileType = sourcecode.swift; path = MetadataViewModel.swift; sourceTree = "<group>"; };
		6AEB868028C0DDBA001ECA04 /* MetadataView.swift */ = {isa = PBXFileReference; lastKnownFileType = sourcecode.swift; path = MetadataView.swift; sourceTree = "<group>"; };
/* End PBXFileReference section */

/* Begin PBXFrameworksBuildPhase section */
		6A81D7DE287C88D9001C5E95 /* Frameworks */ = {
			isa = PBXFrameworksBuildPhase;
			buildActionMask = 2147483647;
			files = (
				6AEB867D28BFAE26001ECA04 /* FingerprintPro in Frameworks */,
			);
			runOnlyForDeploymentPostprocessing = 0;
		};
/* End PBXFrameworksBuildPhase section */

/* Begin PBXGroup section */
		6A6B7FE628C69BAD005B309C /* Utils */ = {
			isa = PBXGroup;
			children = (
				6A6B7FE728C69BC1005B309C /* Color+Fingerprint.swift */,
				6A6B7FEB28C7A017005B309C /* Strings.swift */,
			);
			path = Utils;
			sourceTree = "<group>";
		};
		6A6B7FED28C7A67F005B309C /* Screens */ = {
			isa = PBXGroup;
			children = (
				6A81D7E6287C88D9001C5E95 /* LibraryConfigurationView.swift */,
				6AEB868028C0DDBA001ECA04 /* MetadataView.swift */,
				6AEB867928BF3D27001ECA04 /* SendRequestView.swift */,
				6A6B7FF428C90EF0005B309C /* PrivacyPolicyView.swift */,
			);
			path = Screens;
			sourceTree = "<group>";
		};
		6A6DA5CF28AD4A5E007BA8DD /* Frameworks */ = {
			isa = PBXGroup;
			children = (
			);
			name = Frameworks;
			sourceTree = "<group>";
		};
		6A81D7D8287C88D9001C5E95 = {
			isa = PBXGroup;
			children = (
				6A81D7F2287C894F001C5E95 /* Packages */,
				6A81D7E3287C88D9001C5E95 /* DemoSPM */,
				6A81D7E2287C88D9001C5E95 /* Products */,
				6A6DA5CF28AD4A5E007BA8DD /* Frameworks */,
			);
			sourceTree = "<group>";
		};
		6A81D7E2287C88D9001C5E95 /* Products */ = {
			isa = PBXGroup;
			children = (
				6A81D7E1287C88D9001C5E95 /* Fingerprint Pro.app */,
			);
			name = Products;
			sourceTree = "<group>";
		};
		6A81D7E3287C88D9001C5E95 /* DemoSPM */ = {
			isa = PBXGroup;
			children = (
				6A8CB8FB28D0D69C007E0E98 /* Docs */,
				6A6B7FED28C7A67F005B309C /* Screens */,
				6A6B7FE628C69BAD005B309C /* Utils */,
				6A81D7FE2880C7A8001C5E95 /* ViewModel */,
				6A81D7F7287DAD9B001C5E95 /* Widgets */,
				6A81D7E4287C88D9001C5E95 /* DemoSPMApp.swift */,
				6A81D7E8287C88DA001C5E95 /* Assets.xcassets */,
				6A81D7EA287C88DA001C5E95 /* Preview Content */,
				6A81D7FA287F7F84001C5E95 /* ResponseDetailView.swift */,
				6A81D8082886955A001C5E95 /* ResponseItemsView.swift */,
				6AE7E70A28CA5A35003FE00B /* Launch Screen.storyboard */,
			);
			path = DemoSPM;
			sourceTree = "<group>";
		};
		6A81D7EA287C88DA001C5E95 /* Preview Content */ = {
			isa = PBXGroup;
			children = (
				6A81D7EB287C88DA001C5E95 /* Preview Assets.xcassets */,
			);
			path = "Preview Content";
			sourceTree = "<group>";
		};
		6A81D7F2287C894F001C5E95 /* Packages */ = {
			isa = PBXGroup;
			children = (
			);
			name = Packages;
			sourceTree = "<group>";
		};
		6A81D7F7287DAD9B001C5E95 /* Widgets */ = {
			isa = PBXGroup;
			children = (
				6A81D7F8287DADB5001C5E95 /* RegionPickerView.swift */,
				6A81D7FC287F7FC3001C5E95 /* IPLocationView.swift */,
				6A81D80628854A0E001C5E95 /* FormField.swift */,
				6A6B7FE928C79A11005B309C /* UnformattedStringTextField.swift */,
				6A6B7FEE28C7A745005B309C /* TagEditorView.swift */,
				6A6B7FF228C8D45D005B309C /* TagRow.swift */,
				6A6B7FF028C8BD22005B309C /* TagEditorCardView.swift */,
			);
			path = Widgets;
			sourceTree = "<group>";
		};
		6A81D7FE2880C7A8001C5E95 /* ViewModel */ = {
			isa = PBXGroup;
			children = (
				6A81D7FF2880C7BC001C5E95 /* LibraryConfigurationViewModel.swift */,
				6A81D802288441DC001C5E95 /* FingerprintViewModel.swift */,
				6A81D804288463A1001C5E95 /* RegionPickerViewModel.swift */,
				6AEB867E28C0D9E0001ECA04 /* MetadataViewModel.swift */,
			);
			path = ViewModel;
			sourceTree = "<group>";
		};
		6A8CB8FB28D0D69C007E0E98 /* Docs */ = {
			isa = PBXGroup;
			children = (
				6A8CB90028D0DBD4007E0E98 /* POLICY.html */,
			);
			path = Docs;
			sourceTree = "<group>";
		};
/* End PBXGroup section */

/* Begin PBXNativeTarget section */
		6A81D7E0287C88D9001C5E95 /* DemoSPM */ = {
			isa = PBXNativeTarget;
			buildConfigurationList = 6A81D7EF287C88DA001C5E95 /* Build configuration list for PBXNativeTarget "DemoSPM" */;
			buildPhases = (
				6A81D7DD287C88D9001C5E95 /* Sources */,
				6A81D7DE287C88D9001C5E95 /* Frameworks */,
				6A81D7DF287C88D9001C5E95 /* Resources */,
				6AEB867328B7BE95001ECA04 /* Embed Frameworks */,
			);
			buildRules = (
			);
			dependencies = (
				6A81D7F6287C8AC0001C5E95 /* PBXTargetDependency */,
			);
			name = DemoSPM;
			packageProductDependencies = (
				6AEB867C28BFAE26001ECA04 /* FingerprintPro */,
			);
			productName = DemoSPM;
			productReference = 6A81D7E1287C88D9001C5E95 /* Fingerprint Pro.app */;
			productType = "com.apple.product-type.application";
		};
/* End PBXNativeTarget section */

/* Begin PBXProject section */
		6A81D7D9287C88D9001C5E95 /* Project object */ = {
			isa = PBXProject;
			attributes = {
				BuildIndependentTargetsInParallel = 1;
				LastSwiftUpdateCheck = 1340;
				LastUpgradeCheck = 1340;
				TargetAttributes = {
					6A81D7E0287C88D9001C5E95 = {
						CreatedOnToolsVersion = 13.4.1;
					};
				};
			};
			buildConfigurationList = 6A81D7DC287C88D9001C5E95 /* Build configuration list for PBXProject "DemoSPM" */;
			compatibilityVersion = "Xcode 13.0";
			developmentRegion = en;
			hasScannedForEncodings = 0;
			knownRegions = (
				en,
				Base,
			);
			mainGroup = 6A81D7D8287C88D9001C5E95;
			packageReferences = (
				6AEB867B28BFAE26001ECA04 /* XCRemoteSwiftPackageReference "fingerprintjs-pro-ios" */,
			);
			productRefGroup = 6A81D7E2287C88D9001C5E95 /* Products */;
			projectDirPath = "";
			projectRoot = "";
			targets = (
				6A81D7E0287C88D9001C5E95 /* DemoSPM */,
			);
		};
/* End PBXProject section */

/* Begin PBXResourcesBuildPhase section */
		6A81D7DF287C88D9001C5E95 /* Resources */ = {
			isa = PBXResourcesBuildPhase;
			buildActionMask = 2147483647;
			files = (
				6A8CB90128D0DF82007E0E98 /* POLICY.html in Resources */,
				6AE7E70B28CA5A35003FE00B /* Launch Screen.storyboard in Resources */,
				6A81D7EC287C88DA001C5E95 /* Preview Assets.xcassets in Resources */,
				6A81D7E9287C88DA001C5E95 /* Assets.xcassets in Resources */,
			);
			runOnlyForDeploymentPostprocessing = 0;
		};
/* End PBXResourcesBuildPhase section */

/* Begin PBXSourcesBuildPhase section */
		6A81D7DD287C88D9001C5E95 /* Sources */ = {
			isa = PBXSourcesBuildPhase;
			buildActionMask = 2147483647;
			files = (
				6A81D8092886955A001C5E95 /* ResponseItemsView.swift in Sources */,
				6AEB867F28C0D9E0001ECA04 /* MetadataViewModel.swift in Sources */,
				6A6B7FEC28C7A017005B309C /* Strings.swift in Sources */,
				6A6B7FF528C90EF0005B309C /* PrivacyPolicyView.swift in Sources */,
				6A6B7FF328C8D45D005B309C /* TagRow.swift in Sources */,
				6AEB868128C0DDBA001ECA04 /* MetadataView.swift in Sources */,
				6A81D7FD287F7FC3001C5E95 /* IPLocationView.swift in Sources */,
				6A81D7FB287F7F84001C5E95 /* ResponseDetailView.swift in Sources */,
				6A6B7FF128C8BD22005B309C /* TagEditorCardView.swift in Sources */,
				6A81D7E7287C88D9001C5E95 /* LibraryConfigurationView.swift in Sources */,
				6A6B7FE828C69BC1005B309C /* Color+Fingerprint.swift in Sources */,
				6A6B7FEA28C79A11005B309C /* UnformattedStringTextField.swift in Sources */,
				6A81D803288441DC001C5E95 /* FingerprintViewModel.swift in Sources */,
				6A81D805288463A1001C5E95 /* RegionPickerViewModel.swift in Sources */,
				6AEB867A28BF3D27001ECA04 /* SendRequestView.swift in Sources */,
				6A6B7FEF28C7A745005B309C /* TagEditorView.swift in Sources */,
				6A81D7F9287DADB5001C5E95 /* RegionPickerView.swift in Sources */,
				6A81D80728854A0E001C5E95 /* FormField.swift in Sources */,
				6A81D7E5287C88D9001C5E95 /* DemoSPMApp.swift in Sources */,
				6A81D8002880C7BC001C5E95 /* LibraryConfigurationViewModel.swift in Sources */,
			);
			runOnlyForDeploymentPostprocessing = 0;
		};
/* End PBXSourcesBuildPhase section */

/* Begin PBXTargetDependency section */
		6A81D7F6287C8AC0001C5E95 /* PBXTargetDependency */ = {
			isa = PBXTargetDependency;
			productRef = 6A81D7F5287C8AC0001C5E95 /* FingerprintJSPro */;
		};
/* End PBXTargetDependency section */

/* Begin XCBuildConfiguration section */
		6A81D7ED287C88DA001C5E95 /* Debug */ = {
			isa = XCBuildConfiguration;
			buildSettings = {
				ALWAYS_SEARCH_USER_PATHS = NO;
				CLANG_ANALYZER_NONNULL = YES;
				CLANG_ANALYZER_NUMBER_OBJECT_CONVERSION = YES_AGGRESSIVE;
				CLANG_CXX_LANGUAGE_STANDARD = "gnu++17";
				CLANG_ENABLE_MODULES = YES;
				CLANG_ENABLE_OBJC_ARC = YES;
				CLANG_ENABLE_OBJC_WEAK = YES;
				CLANG_WARN_BLOCK_CAPTURE_AUTORELEASING = YES;
				CLANG_WARN_BOOL_CONVERSION = YES;
				CLANG_WARN_COMMA = YES;
				CLANG_WARN_CONSTANT_CONVERSION = YES;
				CLANG_WARN_DEPRECATED_OBJC_IMPLEMENTATIONS = YES;
				CLANG_WARN_DIRECT_OBJC_ISA_USAGE = YES_ERROR;
				CLANG_WARN_DOCUMENTATION_COMMENTS = YES;
				CLANG_WARN_EMPTY_BODY = YES;
				CLANG_WARN_ENUM_CONVERSION = YES;
				CLANG_WARN_INFINITE_RECURSION = YES;
				CLANG_WARN_INT_CONVERSION = YES;
				CLANG_WARN_NON_LITERAL_NULL_CONVERSION = YES;
				CLANG_WARN_OBJC_IMPLICIT_RETAIN_SELF = YES;
				CLANG_WARN_OBJC_LITERAL_CONVERSION = YES;
				CLANG_WARN_OBJC_ROOT_CLASS = YES_ERROR;
				CLANG_WARN_QUOTED_INCLUDE_IN_FRAMEWORK_HEADER = YES;
				CLANG_WARN_RANGE_LOOP_ANALYSIS = YES;
				CLANG_WARN_STRICT_PROTOTYPES = YES;
				CLANG_WARN_SUSPICIOUS_MOVE = YES;
				CLANG_WARN_UNGUARDED_AVAILABILITY = YES_AGGRESSIVE;
				CLANG_WARN_UNREACHABLE_CODE = YES;
				CLANG_WARN__DUPLICATE_METHOD_MATCH = YES;
				COPY_PHASE_STRIP = NO;
				DEBUG_INFORMATION_FORMAT = dwarf;
				ENABLE_STRICT_OBJC_MSGSEND = YES;
				ENABLE_TESTABILITY = YES;
				GCC_C_LANGUAGE_STANDARD = gnu11;
				GCC_DYNAMIC_NO_PIC = NO;
				GCC_NO_COMMON_BLOCKS = YES;
				GCC_OPTIMIZATION_LEVEL = 0;
				GCC_PREPROCESSOR_DEFINITIONS = (
					"DEBUG=1",
					"$(inherited)",
				);
				GCC_WARN_64_TO_32_BIT_CONVERSION = YES;
				GCC_WARN_ABOUT_RETURN_TYPE = YES_ERROR;
				GCC_WARN_UNDECLARED_SELECTOR = YES;
				GCC_WARN_UNINITIALIZED_AUTOS = YES_AGGRESSIVE;
				GCC_WARN_UNUSED_FUNCTION = YES;
				GCC_WARN_UNUSED_VARIABLE = YES;
				IPHONEOS_DEPLOYMENT_TARGET = 15.0;
				MTL_ENABLE_DEBUG_INFO = INCLUDE_SOURCE;
				MTL_FAST_MATH = YES;
				ONLY_ACTIVE_ARCH = YES;
				SDKROOT = iphoneos;
				SWIFT_ACTIVE_COMPILATION_CONDITIONS = DEBUG;
				SWIFT_OPTIMIZATION_LEVEL = "-Onone";
			};
			name = Debug;
		};
		6A81D7EE287C88DA001C5E95 /* Release */ = {
			isa = XCBuildConfiguration;
			buildSettings = {
				ALWAYS_SEARCH_USER_PATHS = NO;
				CLANG_ANALYZER_NONNULL = YES;
				CLANG_ANALYZER_NUMBER_OBJECT_CONVERSION = YES_AGGRESSIVE;
				CLANG_CXX_LANGUAGE_STANDARD = "gnu++17";
				CLANG_ENABLE_MODULES = YES;
				CLANG_ENABLE_OBJC_ARC = YES;
				CLANG_ENABLE_OBJC_WEAK = YES;
				CLANG_WARN_BLOCK_CAPTURE_AUTORELEASING = YES;
				CLANG_WARN_BOOL_CONVERSION = YES;
				CLANG_WARN_COMMA = YES;
				CLANG_WARN_CONSTANT_CONVERSION = YES;
				CLANG_WARN_DEPRECATED_OBJC_IMPLEMENTATIONS = YES;
				CLANG_WARN_DIRECT_OBJC_ISA_USAGE = YES_ERROR;
				CLANG_WARN_DOCUMENTATION_COMMENTS = YES;
				CLANG_WARN_EMPTY_BODY = YES;
				CLANG_WARN_ENUM_CONVERSION = YES;
				CLANG_WARN_INFINITE_RECURSION = YES;
				CLANG_WARN_INT_CONVERSION = YES;
				CLANG_WARN_NON_LITERAL_NULL_CONVERSION = YES;
				CLANG_WARN_OBJC_IMPLICIT_RETAIN_SELF = YES;
				CLANG_WARN_OBJC_LITERAL_CONVERSION = YES;
				CLANG_WARN_OBJC_ROOT_CLASS = YES_ERROR;
				CLANG_WARN_QUOTED_INCLUDE_IN_FRAMEWORK_HEADER = YES;
				CLANG_WARN_RANGE_LOOP_ANALYSIS = YES;
				CLANG_WARN_STRICT_PROTOTYPES = YES;
				CLANG_WARN_SUSPICIOUS_MOVE = YES;
				CLANG_WARN_UNGUARDED_AVAILABILITY = YES_AGGRESSIVE;
				CLANG_WARN_UNREACHABLE_CODE = YES;
				CLANG_WARN__DUPLICATE_METHOD_MATCH = YES;
				COPY_PHASE_STRIP = NO;
				DEBUG_INFORMATION_FORMAT = "dwarf-with-dsym";
				ENABLE_NS_ASSERTIONS = NO;
				ENABLE_STRICT_OBJC_MSGSEND = YES;
				GCC_C_LANGUAGE_STANDARD = gnu11;
				GCC_NO_COMMON_BLOCKS = YES;
				GCC_WARN_64_TO_32_BIT_CONVERSION = YES;
				GCC_WARN_ABOUT_RETURN_TYPE = YES_ERROR;
				GCC_WARN_UNDECLARED_SELECTOR = YES;
				GCC_WARN_UNINITIALIZED_AUTOS = YES_AGGRESSIVE;
				GCC_WARN_UNUSED_FUNCTION = YES;
				GCC_WARN_UNUSED_VARIABLE = YES;
				IPHONEOS_DEPLOYMENT_TARGET = 15.0;
				MTL_ENABLE_DEBUG_INFO = NO;
				MTL_FAST_MATH = YES;
				SDKROOT = iphoneos;
				SWIFT_COMPILATION_MODE = wholemodule;
				SWIFT_OPTIMIZATION_LEVEL = "-O";
				VALIDATE_PRODUCT = YES;
			};
			name = Release;
		};
		6A81D7F0287C88DA001C5E95 /* Debug */ = {
			isa = XCBuildConfiguration;
			buildSettings = {
				ASSETCATALOG_COMPILER_APPICON_NAME = AppIcon;
				ASSETCATALOG_COMPILER_GLOBAL_ACCENT_COLOR_NAME = AccentColor;
				CODE_SIGN_STYLE = Automatic;
				CURRENT_PROJECT_VERSION = 5;
				DEVELOPMENT_ASSET_PATHS = "\"DemoSPM/Preview Content\"";
				DEVELOPMENT_TEAM = AQ93X82PXZ;
				ENABLE_PREVIEWS = YES;
				GENERATE_INFOPLIST_FILE = YES;
				INFOPLIST_FILE = DemoSPM/Info.plist;
				INFOPLIST_KEY_CFBundleDisplayName = "Fingerprint Pro";
				INFOPLIST_KEY_UIApplicationSceneManifest_Generation = YES;
				INFOPLIST_KEY_UIApplicationSupportsIndirectInputEvents = YES;
				INFOPLIST_KEY_UILaunchStoryboardName = "Launch Screen";
				INFOPLIST_KEY_UISupportedInterfaceOrientations = UIInterfaceOrientationPortrait;
				INFOPLIST_KEY_UISupportedInterfaceOrientations_iPad = "UIInterfaceOrientationPortrait UIInterfaceOrientationPortraitUpsideDown UIInterfaceOrientationLandscapeLeft UIInterfaceOrientationLandscapeRight";
				INFOPLIST_KEY_UISupportedInterfaceOrientations_iPhone = "UIInterfaceOrientationPortrait UIInterfaceOrientationLandscapeLeft UIInterfaceOrientationLandscapeRight";
				LD_RUNPATH_SEARCH_PATHS = (
					"$(inherited)",
					"@executable_path/Frameworks",
				);
				MARKETING_VERSION = 1.0;
				PRODUCT_BUNDLE_IDENTIFIER = com.fingerprintjs.FingerprintProDemo;
				PRODUCT_NAME = "Fingerprint Pro";
				SWIFT_EMIT_LOC_STRINGS = YES;
				SWIFT_VERSION = 5.0;
				TARGETED_DEVICE_FAMILY = "1,2";
			};
			name = Debug;
		};
		6A81D7F1287C88DA001C5E95 /* Release */ = {
			isa = XCBuildConfiguration;
			buildSettings = {
				ASSETCATALOG_COMPILER_APPICON_NAME = AppIcon;
				ASSETCATALOG_COMPILER_GLOBAL_ACCENT_COLOR_NAME = AccentColor;
				CODE_SIGN_STYLE = Automatic;
				CURRENT_PROJECT_VERSION = 5;
				DEVELOPMENT_ASSET_PATHS = "\"DemoSPM/Preview Content\"";
				DEVELOPMENT_TEAM = AQ93X82PXZ;
				ENABLE_PREVIEWS = YES;
				GENERATE_INFOPLIST_FILE = YES;
				INFOPLIST_FILE = DemoSPM/Info.plist;
				INFOPLIST_KEY_CFBundleDisplayName = "Fingerprint Pro";
				INFOPLIST_KEY_UIApplicationSceneManifest_Generation = YES;
				INFOPLIST_KEY_UIApplicationSupportsIndirectInputEvents = YES;
				INFOPLIST_KEY_UILaunchStoryboardName = "Launch Screen";
				INFOPLIST_KEY_UISupportedInterfaceOrientations = UIInterfaceOrientationPortrait;
				INFOPLIST_KEY_UISupportedInterfaceOrientations_iPad = "UIInterfaceOrientationPortrait UIInterfaceOrientationPortraitUpsideDown UIInterfaceOrientationLandscapeLeft UIInterfaceOrientationLandscapeRight";
				INFOPLIST_KEY_UISupportedInterfaceOrientations_iPhone = "UIInterfaceOrientationPortrait UIInterfaceOrientationLandscapeLeft UIInterfaceOrientationLandscapeRight";
				LD_RUNPATH_SEARCH_PATHS = (
					"$(inherited)",
					"@executable_path/Frameworks",
				);
				MARKETING_VERSION = 1.0;
				PRODUCT_BUNDLE_IDENTIFIER = com.fingerprintjs.FingerprintProDemo;
				PRODUCT_NAME = "Fingerprint Pro";
				SWIFT_EMIT_LOC_STRINGS = YES;
				SWIFT_VERSION = 5.0;
				TARGETED_DEVICE_FAMILY = "1,2";
			};
			name = Release;
		};
/* End XCBuildConfiguration section */

/* Begin XCConfigurationList section */
		6A81D7DC287C88D9001C5E95 /* Build configuration list for PBXProject "DemoSPM" */ = {
			isa = XCConfigurationList;
			buildConfigurations = (
				6A81D7ED287C88DA001C5E95 /* Debug */,
				6A81D7EE287C88DA001C5E95 /* Release */,
			);
			defaultConfigurationIsVisible = 0;
			defaultConfigurationName = Release;
		};
		6A81D7EF287C88DA001C5E95 /* Build configuration list for PBXNativeTarget "DemoSPM" */ = {
			isa = XCConfigurationList;
			buildConfigurations = (
				6A81D7F0287C88DA001C5E95 /* Debug */,
				6A81D7F1287C88DA001C5E95 /* Release */,
			);
			defaultConfigurationIsVisible = 0;
			defaultConfigurationName = Release;
		};
/* End XCConfigurationList section */

/* Begin XCRemoteSwiftPackageReference section */
		6AEB867B28BFAE26001ECA04 /* XCRemoteSwiftPackageReference "fingerprintjs-pro-ios" */ = {
			isa = XCRemoteSwiftPackageReference;
			repositoryURL = "https://github.com/fingerprintjs/fingerprintjs-pro-ios";
			requirement = {
				kind = upToNextMajorVersion;
				minimumVersion = 2.0.0;
			};
		};
/* End XCRemoteSwiftPackageReference section */

/* Begin XCSwiftPackageProductDependency section */
		6A81D7F5287C8AC0001C5E95 /* FingerprintJSPro */ = {
			isa = XCSwiftPackageProductDependency;
			productName = FingerprintJSPro;
		};
		6AEB867C28BFAE26001ECA04 /* FingerprintPro */ = {
			isa = XCSwiftPackageProductDependency;
			package = 6AEB867B28BFAE26001ECA04 /* XCRemoteSwiftPackageReference "fingerprintjs-pro-ios" */;
			productName = FingerprintPro;
		};
/* End XCSwiftPackageProductDependency section */
	};
	rootObject = 6A81D7D9287C88D9001C5E95 /* Project object */;
}
